
Microsoft Visual Studio Solution File, Format Version 12.00
# Visual Studio Version 17
VisualStudioVersion = 17.0.32112.339
MinimumVisualStudioVersion = 10.0.40219.1
Project("{9A19103F-16F7-4668-BE54-9A1E7A4F7556}") = "PlannerApp", "PlannerApp\PlannerApp.csproj", "{40657F84-7993-4C9F-9E18-FD53C2F37357}"
EndProject
Project("{2150E333-8FDC-42A3-9474-1A3956D46DE8}") = "Solution Items", "Solution Items", "{E582ACBF-3BE4-4920-B30C-0E0365BC8129}"
	ProjectSection(SolutionItems) = preProject
		..\ref.txt = ..\ref.txt
	EndProjectSection
EndProject
Project("{FAE04EC0-301F-11D3-BF4B-00C04F79EFBC}") = "PlannerApp.Shared", "PlannerApp.Shared\PlannerApp.Shared.csproj", "{0D570B3C-5031-426D-A0DC-E50B84AFBD60}"
EndProject
Global
	GlobalSection(SolutionConfigurationPlatforms) = preSolution
		Debug|Any CPU = Debug|Any CPU
		Release|Any CPU = Release|Any CPU
	EndGlobalSection
	GlobalSection(ProjectConfigurationPlatforms) = postSolution
		{40657F84-7993-4C9F-9E18-FD53C2F37357}.Debug|Any CPU.ActiveCfg = Debug|Any CPU
		{40657F84-7993-4C9F-9E18-FD53C2F37357}.Debug|Any CPU.Build.0 = Debug|Any CPU
		{40657F84-7993-4C9F-9E18-FD53C2F37357}.Release|Any CPU.ActiveCfg = Release|Any CPU
		{40657F84-7993-4C9F-9E18-FD53C2F37357}.Release|Any CPU.Build.0 = Release|Any CPU
		{0D570B3C-5031-426D-A0DC-E50B84AFBD60}.Debug|Any CPU.ActiveCfg = Debug|Any CPU
		{0D570B3C-5031-426D-A0DC-E50B84AFBD60}.Debug|Any CPU.Build.0 = Debug|Any CPU
		{0D570B3C-5031-426D-A0DC-E50B84AFBD60}.Release|Any CPU.ActiveCfg = Release|Any CPU
		{0D570B3C-5031-426D-A0DC-E50B84AFBD60}.Release|Any CPU.Build.0 = Release|Any CPU
	EndGlobalSection
	GlobalSection(SolutionProperties) = preSolution
		HideSolutionNode = FALSE
	EndGlobalSection
	GlobalSection(ExtensibilityGlobals) = postSolution
		SolutionGuid = {4C1A2970-7FEA-4D48-8F89-D9B9B0AF4A7E}
	EndGlobalSection
EndGlobal
